
Microsoft Visual Studio Solution File, Format Version 12.00
# Visual Studio Version 17
VisualStudioVersion = 17.8.34330.188
MinimumVisualStudioVersion = 10.0.40219.1
Project("{FAE04EC0-301F-11D3-BF4B-00C04F79EFBC}") = "QueryTool", "QueryTool\QueryTool.csproj", "{6B35005A-349B-4CC0-8720-411B988F3E14}"
EndProject
Global
	GlobalSection(SolutionConfigurationPlatforms) = preSolution
		Debug|Any CPU = Debug|Any CPU
		Release|Any CPU = Release|Any CPU
	EndGlobalSection
	GlobalSection(ProjectConfigurationPlatforms) = postSolution
		{6B35005A-349B-4CC0-8720-411B988F3E14}.Debug|Any CPU.ActiveCfg = Debug|Any CPU
		{6B35005A-349B-4CC0-8720-411B988F3E14}.Debug|Any CPU.Build.0 = Debug|Any CPU
		{6B35005A-349B-4CC0-8720-411B988F3E14}.Release|Any CPU.ActiveCfg = Release|Any CPU
		{6B35005A-349B-4CC0-8720-411B988F3E14}.Release|Any CPU.Build.0 = Release|Any CPU
	EndGlobalSection
	GlobalSection(SolutionProperties) = preSolution
		HideSolutionNode = FALSE
	EndGlobalSection
	GlobalSection(ExtensibilityGlobals) = postSolution
		SolutionGuid = {A6BABA64-6E88-4EF5-B4C9-476E07305B05}
	EndGlobalSection
EndGlobal
